
Microsoft Visual Studio Solution File, Format Version 12.00
# Visual Studio Version 17
VisualStudioVersion = 17.7.34009.444
MinimumVisualStudioVersion = 10.0.40219.1
Project("{FAE04EC0-301F-11D3-BF4B-00C04F79EFBC}") = "GameStore.Api", "GameStore.Api.csproj", "{E37D97BB-D241-4DDC-AE1A-BF2C5F4564AA}"
EndProject
Global
	GlobalSection(SolutionConfigurationPlatforms) = preSolution
		Debug|Any CPU = Debug|Any CPU
		Release|Any CPU = Release|Any CPU
	EndGlobalSection
	GlobalSection(ProjectConfigurationPlatforms) = postSolution
		{E37D97BB-D241-4DDC-AE1A-BF2C5F4564AA}.Debug|Any CPU.ActiveCfg = Debug|Any CPU
		{E37D97BB-D241-4DDC-AE1A-BF2C5F4564AA}.Debug|Any CPU.Build.0 = Debug|Any CPU
		{E37D97BB-D241-4DDC-AE1A-BF2C5F4564AA}.Release|Any CPU.ActiveCfg = Release|Any CPU
		{E37D97BB-D241-4DDC-AE1A-BF2C5F4564AA}.Release|Any CPU.Build.0 = Release|Any CPU
	EndGlobalSection
	GlobalSection(SolutionProperties) = preSolution
		HideSolutionNode = FALSE
	EndGlobalSection
	GlobalSection(ExtensibilityGlobals) = postSolution
		SolutionGuid = {1C9B36F2-C64E-4EF8-83F9-D720F90AE5A0}
	EndGlobalSection
EndGlobal
